
Microsoft Visual Studio Solution File, Format Version 12.00
# Visual Studio Version 17
VisualStudioVersion = 17.8.34525.116
MinimumVisualStudioVersion = 10.0.40219.1
Project("{FAE04EC0-301F-11D3-BF4B-00C04F79EFBC}") = "SaleManagementWinform", "SaleManagementWinform\SaleManagementWinform.csproj", "{A21E338A-65BA-4893-A9AF-9278BCA4B6BC}"
EndProject
Global
	GlobalSection(SolutionConfigurationPlatforms) = preSolution
		Debug|Any CPU = Debug|Any CPU
		Release|Any CPU = Release|Any CPU
	EndGlobalSection
	GlobalSection(ProjectConfigurationPlatforms) = postSolution
		{A21E338A-65BA-4893-A9AF-9278BCA4B6BC}.Debug|Any CPU.ActiveCfg = Debug|Any CPU
		{A21E338A-65BA-4893-A9AF-9278BCA4B6BC}.Debug|Any CPU.Build.0 = Debug|Any CPU
		{A21E338A-65BA-4893-A9AF-9278BCA4B6BC}.Release|Any CPU.ActiveCfg = Release|Any CPU
		{A21E338A-65BA-4893-A9AF-9278BCA4B6BC}.Release|Any CPU.Build.0 = Release|Any CPU
	EndGlobalSection
	GlobalSection(SolutionProperties) = preSolution
		HideSolutionNode = FALSE
	EndGlobalSection
	GlobalSection(ExtensibilityGlobals) = postSolution
		SolutionGuid = {1A8A2CDD-6DF1-4609-AB76-3B11542D47F3}
	EndGlobalSection
EndGlobal
